
Microsoft Visual Studio Solution File, Format Version 12.00
# Visual Studio 2012
Project("{FAE04EC0-301F-11D3-BF4B-00C04F79EFBC}") = "WebLogin", "WebLogin\WebLogin.csproj", "{FD776266-7BCF-4A93-87EE-4445586A0722}"
EndProject
Global
	GlobalSection(SolutionConfigurationPlatforms) = preSolution
		Debug|Any CPU = Debug|Any CPU
		Release|Any CPU = Release|Any CPU
	EndGlobalSection
	GlobalSection(ProjectConfigurationPlatforms) = postSolution
		{FD776266-7BCF-4A93-87EE-4445586A0722}.Debug|Any CPU.ActiveCfg = Debug|Any CPU
		{FD776266-7BCF-4A93-87EE-4445586A0722}.Debug|Any CPU.Build.0 = Debug|Any CPU
		{FD776266-7BCF-4A93-87EE-4445586A0722}.Release|Any CPU.ActiveCfg = Release|Any CPU
		{FD776266-7BCF-4A93-87EE-4445586A0722}.Release|Any CPU.Build.0 = Release|Any CPU
	EndGlobalSection
	GlobalSection(SolutionProperties) = preSolution
		HideSolutionNode = FALSE
	EndGlobalSection
EndGlobal
